<?xml version="1.0" encoding="utf-8"?>
<Project ToolsVersion="4.0" xmlns="http://schemas.microsoft.com/developer/msbuild/2003">
  <ItemGroup>
    <ClCompile Include="$(MSBuildThisFileDirectory)stbApplication.cpp" />
    <ClCompile Include="$(MSBuildThisFileDirectory)stbSingletonBase.cpp" />
    <ClCompile Include="$(MSBuildThisFileDirectory)stbComponent.cpp">
      <Filter>Component</Filter>
    </ClCompile>
    <ClCompile Include="$(MSBuildThisFileDirectory)stbEntity.cpp">
      <Filter>Common</Filter>
    </ClCompile>
    <ClCompile Include="$(MSBuildThisFileDirectory)stbGameObject.cpp">
      <Filter>GameObject</Filter>
    </ClCompile>
    <ClCompile Include="$(MSBuildThisFileDirectory)stbScene.cpp">
      <Filter>Scene</Filter>
    </ClCompile>
    <ClCompile Include="$(MSBuildThisFileDirectory)stbSceneManager.cpp">
      <Filter>Scene</Filter>
    </ClCompile>
    <ClCompile Include="$(MSBuildThisFileDirectory)stbInput.cpp">
      <Filter>Input</Filter>
    </ClCompile>
    <ClCompile Include="$(MSBuildThisFileDirectory)stbTime.cpp">
      <Filter>Time</Filter>
    </ClCompile>
    <ClCompile Include="$(MSBuildThisFileDirectory)stbLayer.cpp">
      <Filter>Layer</Filter>
    </ClCompile>
    <ClCompile Include="$(MSBuildThisFileDirectory)stbMath.cpp">
      <Filter>Math</Filter>
    </ClCompile>
    <ClCompile Include="$(MSBuildThisFileDirectory)stbTransform.cpp">
      <Filter>Component\Transform</Filter>
    </ClCompile>
    <ClCompile Include="$(MSBuildThisFileDirectory)stbResource.cpp">
      <Filter>Resource</Filter>
    </ClCompile>
    <ClCompile Include="$(MSBuildThisFileDirectory)stbResourceManager.cpp">
      <Filter>Resource</Filter>
    </ClCompile>
    <ClCompile Include="$(MSBuildThisFileDirectory)stbScript.cpp">
      <Filter>Component\Script</Filter>
    </ClCompile>
    <ClCompile Include="$(MSBuildThisFileDirectory)stbAnimator.cpp">
      <Filter>Component\Animation</Filter>
    </ClCompile>
    <ClCompile Include="$(MSBuildThisFileDirectory)stbTexture.cpp">
      <Filter>Resource</Filter>
    </ClCompile>
    <ClCompile Include="$(MSBuildThisFileDirectory)stbCamera.cpp">
      <Filter>Component\Camera</Filter>
    </ClCompile>
    <ClCompile Include="$(MSBuildThisFileDirectory)stbSpriteRenderer.cpp">
      <Filter>Component\SpriteRenderer</Filter>
    </ClCompile>
    <ClCompile Include="$(MSBuildThisFileDirectory)stbAnimation.cpp">
      <Filter>Component\Animation</Filter>
    </ClCompile>
    <ClCompile Include="$(MSBuildThisFileDirectory)stbRender.cpp">
      <Filter>Render</Filter>
    </ClCompile>
    <ClCompile Include="$(MSBuildThisFileDirectory)stbCollider.cpp">
      <Filter>Collider</Filter>
    </ClCompile>
    <ClCompile Include="$(MSBuildThisFileDirectory)stbCircleCollider2D.cpp">
      <Filter>Collider</Filter>
    </ClCompile>
    <ClCompile Include="$(MSBuildThisFileDirectory)BoxCollider2D.cpp">
      <Filter>Collider</Filter>
    </ClCompile>
    <ClCompile Include="$(MSBuildThisFileDirectory)stbCollisionManager.cpp">
      <Filter>Collider</Filter>
    </ClCompile>
    <ClCompile Include="$(MSBuildThisFileDirectory)stbDontDestroyOnLoad.cpp" />
    <ClCompile Include="$(MSBuildThisFileDirectory)PacketParser.cpp">
      <Filter>Packet</Filter>
    </ClCompile>
    <ClCompile Include="$(MSBuildThisFileDirectory)MySocket.cpp" />
    <ClCompile Include="$(MSBuildThisFileDirectory)stbOtherPlayer.cpp" />
    <ClCompile Include="$(MSBuildThisFileDirectory)stbOtherPlayerManager.cpp" />
    <ClCompile Include="$(MSBuildThisFileDirectory)stbNetworkConfig.cpp">
      <Filter>Networking</Filter>
    </ClCompile>
    <ClCompile Include="$(MSBuildThisFileDirectory)stbNetworkManager.cpp">
      <Filter>Networking</Filter>
    </ClCompile>
    <ClCompile Include="$(MSBuildThisFileDirectory)IPacketHandler.cpp">
      <Filter>Packet</Filter>
    </ClCompile>
    <ClCompile Include="$(MSBuildThisFileDirectory)PacketManager.cpp">
      <Filter>Packet</Filter>
    </ClCompile>
    <ClCompile Include="$(MSBuildThisFileDirectory)stbD2DRenderer.cpp" />
    <ClCompile Include="$(MSBuildThisFileDirectory)MovePacketHandler.cpp">
      <Filter>Packet\PlayerPacket</Filter>
    </ClCompile>
    <ClCompile Include="$(MSBuildThisFileDirectory)Inventory.cpp" />
    <ClCompile Include="$(MSBuildThisFileDirectory)InventoryManager.cpp" />
    <ClCompile Include="$(MSBuildThisFileDirectory)Item.cpp" />
    <ClCompile Include="$(MSBuildThisFileDirectory)ChannelInitPacketHandler.cpp">
      <Filter>Packet\PlayerPacket</Filter>
    </ClCompile>
    <ClCompile Include="$(MSBuildThisFileDirectory)InventoryPacketHandler.cpp">
      <Filter>Packet\PlayerPacket</Filter>
    </ClCompile>
    <ClCompile Include="$(MSBuildThisFileDirectory)itemPacketHandler.cpp">
      <Filter>Packet\PlayerPacket</Filter>
    </ClCompile>
  </ItemGroup>
  <ItemGroup>
    <ClInclude Include="$(MSBuildThisFileDirectory)stbApplication.h" />
    <ClInclude Include="$(MSBuildThisFileDirectory)stbSingletonBase.h" />
    <ClInclude Include="$(MSBuildThisFileDirectory)stbComponent.h">
      <Filter>Component</Filter>
    </ClInclude>
    <ClInclude Include="$(MSBuildThisFileDirectory)CommonInclude.h">
      <Filter>Common</Filter>
    </ClInclude>
    <ClInclude Include="$(MSBuildThisFileDirectory)stbEntity.h">
      <Filter>Common</Filter>
    </ClInclude>
    <ClInclude Include="$(MSBuildThisFileDirectory)stbEnums.h">
      <Filter>Common</Filter>
    </ClInclude>
    <ClInclude Include="$(MSBuildThisFileDirectory)stbGameObject.h">
      <Filter>GameObject</Filter>
    </ClInclude>
    <ClInclude Include="$(MSBuildThisFileDirectory)stbScene.h">
      <Filter>Scene</Filter>
    </ClInclude>
    <ClInclude Include="$(MSBuildThisFileDirectory)stbSceneManager.h">
      <Filter>Scene</Filter>
    </ClInclude>
    <ClInclude Include="$(MSBuildThisFileDirectory)stbInput.h">
      <Filter>Input</Filter>
    </ClInclude>
    <ClInclude Include="$(MSBuildThisFileDirectory)stbTime.h">
      <Filter>Time</Filter>
    </ClInclude>
    <ClInclude Include="$(MSBuildThisFileDirectory)stbLayer.h">
      <Filter>Layer</Filter>
    </ClInclude>
    <ClInclude Include="$(MSBuildThisFileDirectory)stbMath.h">
      <Filter>Math</Filter>
    </ClInclude>
    <ClInclude Include="$(MSBuildThisFileDirectory)stbTransform.h">
      <Filter>Component\Transform</Filter>
    </ClInclude>
    <ClInclude Include="$(MSBuildThisFileDirectory)stbResource.h">
      <Filter>Resource</Filter>
    </ClInclude>
    <ClInclude Include="$(MSBuildThisFileDirectory)stbResourceManager.h">
      <Filter>Resource</Filter>
    </ClInclude>
    <ClInclude Include="$(MSBuildThisFileDirectory)stbObject.h">
      <Filter>Object</Filter>
    </ClInclude>
    <ClInclude Include="$(MSBuildThisFileDirectory)stbScript.h">
      <Filter>Component\Script</Filter>
    </ClInclude>
    <ClInclude Include="$(MSBuildThisFileDirectory)stbAnimator.h">
      <Filter>Component\Animation</Filter>
    </ClInclude>
    <ClInclude Include="$(MSBuildThisFileDirectory)stbTexture.h">
      <Filter>Resource</Filter>
    </ClInclude>
    <ClInclude Include="$(MSBuildThisFileDirectory)stbCamera.h">
      <Filter>Component\Camera</Filter>
    </ClInclude>
    <ClInclude Include="$(MSBuildThisFileDirectory)stbSpriteRenderer.h">
      <Filter>Component\SpriteRenderer</Filter>
    </ClInclude>
    <ClInclude Include="$(MSBuildThisFileDirectory)stbAnimation.h">
      <Filter>Component\Animation</Filter>
    </ClInclude>
    <ClInclude Include="$(MSBuildThisFileDirectory)stbRender.h">
      <Filter>Render</Filter>
    </ClInclude>
    <ClInclude Include="$(MSBuildThisFileDirectory)stbCollider.h">
      <Filter>Collider</Filter>
    </ClInclude>
    <ClInclude Include="$(MSBuildThisFileDirectory)stbCircleCollider2D.h">
      <Filter>Collider</Filter>
    </ClInclude>
    <ClInclude Include="$(MSBuildThisFileDirectory)BoxCollider2D.h">
      <Filter>Collider</Filter>
    </ClInclude>
    <ClInclude Include="$(MSBuildThisFileDirectory)stbCollisionManager.h">
      <Filter>Collider</Filter>
    </ClInclude>
    <ClInclude Include="$(MSBuildThisFileDirectory)stbDontDestroyOnLoad.h" />
    <ClInclude Include="$(MSBuildThisFileDirectory)Packet.h">
      <Filter>Packet</Filter>
    </ClInclude>
    <ClInclude Include="$(MSBuildThisFileDirectory)PacketParser.h">
      <Filter>Packet</Filter>
    </ClInclude>
    <ClInclude Include="$(MSBuildThisFileDirectory)MySocket.h" />
    <ClInclude Include="$(MSBuildThisFileDirectory)stbOtherPlayer.h" />
    <ClInclude Include="$(MSBuildThisFileDirectory)stbOtherPlayerManager.h" />
    <ClInclude Include="$(MSBuildThisFileDirectory)stbNetworkManager.h">
      <Filter>Networking</Filter>
    </ClInclude>
    <ClInclude Include="$(MSBuildThisFileDirectory)stbNetworkConfig.h">
      <Filter>Networking</Filter>
    </ClInclude>
    <ClInclude Include="$(MSBuildThisFileDirectory)stbNetworkDebug.h">
      <Filter>Networking</Filter>
    </ClInclude>
    <ClInclude Include="$(MSBuildThisFileDirectory)stbNetworkInit.h">
      <Filter>Networking</Filter>
    </ClInclude>
    <ClInclude Include="$(MSBuildThisFileDirectory)IPacketHandler.h">
      <Filter>Packet</Filter>
    </ClInclude>
    <ClInclude Include="$(MSBuildThisFileDirectory)PacketManager.h">
      <Filter>Packet</Filter>
    </ClInclude>
    <ClInclude Include="$(MSBuildThisFileDirectory)stbD2DRenderer.h" />
    <ClInclude Include="$(MSBuildThisFileDirectory)MovePacketHandler.h">
      <Filter>Packet\PlayerPacket</Filter>
    </ClInclude>
    <ClInclude Include="$(MSBuildThisFileDirectory)StringConvert.h" />
    <ClInclude Include="$(MSBuildThisFileDirectory)PacketData.h" />
    <ClInclude Include="$(MSBuildThisFileDirectory)Inventory.h" />
    <ClInclude Include="$(MSBuildThisFileDirectory)InventoryManager.h" />
    <ClInclude Include="$(MSBuildThisFileDirectory)Item.h" />
    <ClInclude Include="$(MSBuildThisFileDirectory)ChannelInitPacketHandler.h">
      <Filter>Packet\PlayerPacket</Filter>
    </ClInclude>
    <ClInclude Include="$(MSBuildThisFileDirectory)InventoryPacketHandler.h">
      <Filter>Packet\PlayerPacket</Filter>
    </ClInclude>
    <ClInclude Include="$(MSBuildThisFileDirectory)ItemPacketHandler.h">
      <Filter>Packet\PlayerPacket</Filter>
    </ClInclude>
  </ItemGroup>
  <ItemGroup>
    <Filter Include="Component">
      <UniqueIdentifier>{7bc853d1-6f3a-4050-abca-96721d35617e}</UniqueIdentifier>
    </Filter>
    <Filter Include="Common">
      <UniqueIdentifier>{1bbf611b-ffe1-48e5-8205-02679d887aba}</UniqueIdentifier>
    </Filter>
    <Filter Include="GameObject">
      <UniqueIdentifier>{54b89410-0894-4533-90e7-4b040347ef2e}</UniqueIdentifier>
    </Filter>
    <Filter Include="Scene">
      <UniqueIdentifier>{98c370b2-c892-42ca-972a-51b39247ed4f}</UniqueIdentifier>
    </Filter>
    <Filter Include="Input">
      <UniqueIdentifier>{04824e62-0840-4165-a8e3-67f9b2d1aead}</UniqueIdentifier>
    </Filter>
    <Filter Include="Time">
      <UniqueIdentifier>{8fdcc750-0062-4cdb-8504-27932cb0170f}</UniqueIdentifier>
    </Filter>
    <Filter Include="Component\Transform">
      <UniqueIdentifier>{bd5b488f-117a-484c-b804-c1ded5fc8828}</UniqueIdentifier>
    </Filter>
    <Filter Include="Layer">
      <UniqueIdentifier>{8268f5e2-d5ba-4d8d-a4a1-87f78d0fb4a3}</UniqueIdentifier>
    </Filter>
    <Filter Include="Math">
      <UniqueIdentifier>{0fec1e75-1821-47d8-8bc9-c6167b8914c3}</UniqueIdentifier>
    </Filter>
    <Filter Include="Resource">
      <UniqueIdentifier>{2723f72d-4545-4fba-ba66-b78cfbf33347}</UniqueIdentifier>
    </Filter>
    <Filter Include="Object">
      <UniqueIdentifier>{667c3f3c-5787-4e0f-9f04-82f38bfaf909}</UniqueIdentifier>
    </Filter>
    <Filter Include="Component\Script">
      <UniqueIdentifier>{a7206179-ef44-4d72-80b7-043dfd52ad41}</UniqueIdentifier>
    </Filter>
    <Filter Include="Component\Animation">
      <UniqueIdentifier>{41b5e6da-5382-460d-bcd5-0f108d1cf68e}</UniqueIdentifier>
    </Filter>
    <Filter Include="Component\Camera">
      <UniqueIdentifier>{1c7508b5-0f93-47ee-bf8a-3a3edda86fd6}</UniqueIdentifier>
    </Filter>
    <Filter Include="Component\SpriteRenderer">
      <UniqueIdentifier>{f7d6a5b6-623f-43d6-90a3-2305e36d0c48}</UniqueIdentifier>
    </Filter>
    <Filter Include="Render">
      <UniqueIdentifier>{a8f6422e-954b-4cf1-ad32-491275f5b366}</UniqueIdentifier>
    </Filter>
    <Filter Include="Collider">
      <UniqueIdentifier>{e575a45a-feab-4e00-bfa7-cea4d1e93d6a}</UniqueIdentifier>
    </Filter>
    <Filter Include="Packet">
      <UniqueIdentifier>{7715672a-7327-4918-8f65-9c48c1a956a5}</UniqueIdentifier>
    </Filter>
    <Filter Include="Networking">
      <UniqueIdentifier>{1adb0a26-3a18-477e-a881-aa10d945648c}</UniqueIdentifier>
    </Filter>
    <Filter Include="Packet\PlayerPacket">
      <UniqueIdentifier>{fa6920c9-5ed8-48b9-813e-ca6a5ff2b4cd}</UniqueIdentifier>
    </Filter>
  </ItemGroup>
</Project>