<?xml version="1.0" encoding="utf-8"?>
<Project ToolsVersion="4.0" xmlns="http://schemas.microsoft.com/developer/msbuild/2003">
  <ItemGroup>
    <ClCompile Include="$(MSBuildThisFileDirectory)stbApplication.cpp" />
    <ClCompile Include="$(MSBuildThisFileDirectory)stbSingletonBase.cpp" />
    <ClCompile Include="$(MSBuildThisFileDirectory)stbComponent.cpp">
      <Filter>Component</Filter>
    </ClCompile>
    <ClCompile Include="$(MSBuildThisFileDirectory)stbEntity.cpp">
      <Filter>Common</Filter>
    </ClCompile>
    <ClCompile Include="$(MSBuildThisFileDirectory)stbGameObject.cpp">
      <Filter>GameObject</Filter>
    </ClCompile>
    <ClCompile Include="$(MSBuildThisFileDirectory)stbScene.cpp">
      <Filter>Scene</Filter>
    </ClCompile>
    <ClCompile Include="$(MSBuildThisFileDirectory)stbSceneManager.cpp">
      <Filter>Scene</Filter>
    </ClCompile>
    <ClCompile Include="$(MSBuildThisFileDirectory)stbInput.cpp">
      <Filter>Input</Filter>
    </ClCompile>
    <ClCompile Include="$(MSBuildThisFileDirectory)stbTime.cpp">
      <Filter>Time</Filter>
    </ClCompile>
    <ClCompile Include="$(MSBuildThisFileDirectory)stbLayer.cpp">
      <Filter>Layer</Filter>
    </ClCompile>
    <ClCompile Include="$(MSBuildThisFileDirectory)stbMath.cpp">
      <Filter>Math</Filter>
    </ClCompile>
    <ClCompile Include="$(MSBuildThisFileDirectory)stbTransform.cpp">
      <Filter>Component\Transform</Filter>
    </ClCompile>
    <ClCompile Include="$(MSBuildThisFileDirectory)stbResource.cpp">
      <Filter>Resource</Filter>
    </ClCompile>
    <ClCompile Include="$(MSBuildThisFileDirectory)stbResourceManager.cpp">
      <Filter>Resource</Filter>
    </ClCompile>
    <ClCompile Include="$(MSBuildThisFileDirectory)stbScript.cpp">
      <Filter>Component\Script</Filter>
    </ClCompile>
    <ClCompile Include="$(MSBuildThisFileDirectory)stbAnimator.cpp">
      <Filter>Component\Animation</Filter>
    </ClCompile>
    <ClCompile Include="$(MSBuildThisFileDirectory)stbTexture.cpp">
      <Filter>Resource</Filter>
    </ClCompile>
    <ClCompile Include="$(MSBuildThisFileDirectory)stbCamera.cpp">
      <Filter>Component\Camera</Filter>
    </ClCompile>
    <ClCompile Include="$(MSBuildThisFileDirectory)stbSpriteRenderer.cpp">
      <Filter>Component\SpriteRenderer</Filter>
    </ClCompile>
    <ClCompile Include="$(MSBuildThisFileDirectory)stbAnimation.cpp">
      <Filter>Component\Animation</Filter>
    </ClCompile>
    <ClCompile Include="$(MSBuildThisFileDirectory)stbRender.cpp">
      <Filter>Render</Filter>
    </ClCompile>
    <ClCompile Include="$(MSBuildThisFileDirectory)stbCollider.cpp">
      <Filter>Collider</Filter>
    </ClCompile>
    <ClCompile Include="$(MSBuildThisFileDirectory)stbCircleCollider2D.cpp">
      <Filter>Collider</Filter>
    </ClCompile>
    <ClCompile Include="$(MSBuildThisFileDirectory)BoxCollider2D.cpp">
      <Filter>Collider</Filter>
    </ClCompile>
    <ClCompile Include="$(MSBuildThisFileDirectory)stbCollisionManager.cpp">
      <Filter>Collider</Filter>
    </ClCompile>
    <ClCompile Include="$(MSBuildThisFileDirectory)stbDontDestroyOnLoad.cpp" />
    <ClCompile Include="$(MSBuildThisFileDirectory)PacketParser.cpp">
      <Filter>Packet</Filter>
    </ClCompile>
    <ClCompile Include="$(MSBuildThisFileDirectory)MySocket.cpp" />
    <ClCompile Include="$(MSBuildThisFileDirectory)stbNetworkConfig.cpp">
      <Filter>Networking</Filter>
    </ClCompile>
    <ClCompile Include="$(MSBuildThisFileDirectory)stbNetworkManager.cpp">
      <Filter>Networking</Filter>
    </ClCompile>
    <ClCompile Include="$(MSBuildThisFileDirectory)IPacketHandler.cpp">
      <Filter>Packet</Filter>
    </ClCompile>
    <ClCompile Include="$(MSBuildThisFileDirectory)PacketManager.cpp">
      <Filter>Packet</Filter>
    </ClCompile>
    <ClCompile Include="$(MSBuildThisFileDirectory)MovePacketHandler.cpp">
      <Filter>PacketHandler\Player</Filter>
    </ClCompile>
    <ClCompile Include="$(MSBuildThisFileDirectory)PlayerDataPacketHandler.cpp">
      <Filter>PacketHandler\Player</Filter>
    </ClCompile>
    <ClCompile Include="$(MSBuildThisFileDirectory)InventoryPacketHandler.cpp">
      <Filter>PacketHandler\Inventory</Filter>
    </ClCompile>
    <ClCompile Include="$(MSBuildThisFileDirectory)itemPacketHandler.cpp">
      <Filter>PacketHandler\Inventory</Filter>
    </ClCompile>
    <ClCompile Include="$(MSBuildThisFileDirectory)ChannelInitPacketHandler.cpp">
      <Filter>PacketHandler\Player</Filter>
    </ClCompile>
    <ClCompile Include="$(MSBuildThisFileDirectory)Inventory.cpp">
      <Filter>Game\Inventory</Filter>
    </ClCompile>
    <ClCompile Include="$(MSBuildThisFileDirectory)InventoryManager.cpp">
      <Filter>Game\Inventory</Filter>
    </ClCompile>
    <ClCompile Include="$(MSBuildThisFileDirectory)stbOtherPlayer.cpp">
      <Filter>Game\OtherPlayer</Filter>
    </ClCompile>
    <ClCompile Include="$(MSBuildThisFileDirectory)stbOtherPlayerManager.cpp">
      <Filter>Game\OtherPlayer</Filter>
    </ClCompile>
    <ClCompile Include="$(MSBuildThisFileDirectory)Stat.cpp">
      <Filter>Game\Player</Filter>
    </ClCompile>
    <ClCompile Include="$(MSBuildThisFileDirectory)ItemDataManager.cpp">
      <Filter>Game\Inventory</Filter>
    </ClCompile>
    <ClCompile Include="$(MSBuildThisFileDirectory)ItemUseService.cpp">
      <Filter>Game\Inventory</Filter>
    </ClCompile>
    <ClCompile Include="$(MSBuildThisFileDirectory)PlayerManager.cpp">
      <Filter>Game\Player</Filter>
    </ClCompile>
    <ClCompile Include="$(MSBuildThisFileDirectory)UIManager.cpp">
      <Filter>Game\UI</Filter>
    </ClCompile>
    <ClCompile Include="$(MSBuildThisFileDirectory)stbD2DRenderer.cpp">
      <Filter>Render</Filter>
    </ClCompile>
    <ClCompile Include="$(MSBuildThisFileDirectory)UI.cpp">
      <Filter>Game\UI</Filter>
    </ClCompile>
    <ClCompile Include="$(MSBuildThisFileDirectory)CombatSystem.cpp">
      <Filter>Game\Combat</Filter>
    </ClCompile>
    <ClCompile Include="$(MSBuildThisFileDirectory)CombatPacketHandler.cpp">
      <Filter>PacketHandler\Combat</Filter>
    </ClCompile>
    <ClCompile Include="$(MSBuildThisFileDirectory)Skill.cpp">
      <Filter>Game\Skill</Filter>
    </ClCompile>
    <ClCompile Include="$(MSBuildThisFileDirectory)SkillDataManager.cpp">
      <Filter>Game\Skill</Filter>
    </ClCompile>
    <ClCompile Include="$(MSBuildThisFileDirectory)QuickSlotPacketHandler.cpp">
      <Filter>PacketHandler\QuickSlot</Filter>
    </ClCompile>
    <ClCompile Include="$(MSBuildThisFileDirectory)UILayout.cpp">
      <Filter>Game\UI</Filter>
    </ClCompile>
    <ClCompile Include="$(MSBuildThisFileDirectory)QuickSlotUI.cpp">
      <Filter>Game\UI\QuickSlot</Filter>
    </ClCompile>
    <ClCompile Include="$(MSBuildThisFileDirectory)InventoryUI.cpp">
      <Filter>Game\UI\Inventory</Filter>
    </ClCompile>
    <ClCompile Include="$(MSBuildThisFileDirectory)QuickSlotManager.cpp">
      <Filter>Game\UI\QuickSlot</Filter>
    </ClCompile>
    <ClCompile Include="$(MSBuildThisFileDirectory)HealthBarUI.cpp">
      <Filter>Game\UI\HealthBar</Filter>
    </ClCompile>
    <ClCompile Include="$(MSBuildThisFileDirectory)MonsterPacketHandler.cpp">
      <Filter>PacketHandler\Monster</Filter>
    </ClCompile>
    <ClCompile Include="$(MSBuildThisFileDirectory)Monster.cpp">
      <Filter>Game\Monster</Filter>
    </ClCompile>
    <ClCompile Include="$(MSBuildThisFileDirectory)MonsterManager.cpp">
      <Filter>Game\Monster</Filter>
    </ClCompile>
    <ClCompile Include="$(MSBuildThisFileDirectory)MonsterScript.cpp">
      <Filter>Game\Monster</Filter>
    </ClCompile>
    <ClCompile Include="$(MSBuildThisFileDirectory)MonsterDataManager.cpp">
      <Filter>Game\Monster</Filter>
    </ClCompile>
  </ItemGroup>
  <ItemGroup>
    <ClInclude Include="$(MSBuildThisFileDirectory)stbApplication.h" />
    <ClInclude Include="$(MSBuildThisFileDirectory)stbSingletonBase.h" />
    <ClInclude Include="$(MSBuildThisFileDirectory)stbComponent.h">
      <Filter>Component</Filter>
    </ClInclude>
    <ClInclude Include="$(MSBuildThisFileDirectory)CommonInclude.h">
      <Filter>Common</Filter>
    </ClInclude>
    <ClInclude Include="$(MSBuildThisFileDirectory)stbEntity.h">
      <Filter>Common</Filter>
    </ClInclude>
    <ClInclude Include="$(MSBuildThisFileDirectory)stbEnums.h">
      <Filter>Common</Filter>
    </ClInclude>
    <ClInclude Include="$(MSBuildThisFileDirectory)stbGameObject.h">
      <Filter>GameObject</Filter>
    </ClInclude>
    <ClInclude Include="$(MSBuildThisFileDirectory)stbScene.h">
      <Filter>Scene</Filter>
    </ClInclude>
    <ClInclude Include="$(MSBuildThisFileDirectory)stbSceneManager.h">
      <Filter>Scene</Filter>
    </ClInclude>
    <ClInclude Include="$(MSBuildThisFileDirectory)stbInput.h">
      <Filter>Input</Filter>
    </ClInclude>
    <ClInclude Include="$(MSBuildThisFileDirectory)stbTime.h">
      <Filter>Time</Filter>
    </ClInclude>
    <ClInclude Include="$(MSBuildThisFileDirectory)stbLayer.h">
      <Filter>Layer</Filter>
    </ClInclude>
    <ClInclude Include="$(MSBuildThisFileDirectory)stbMath.h">
      <Filter>Math</Filter>
    </ClInclude>
    <ClInclude Include="$(MSBuildThisFileDirectory)stbTransform.h">
      <Filter>Component\Transform</Filter>
    </ClInclude>
    <ClInclude Include="$(MSBuildThisFileDirectory)stbResource.h">
      <Filter>Resource</Filter>
    </ClInclude>
    <ClInclude Include="$(MSBuildThisFileDirectory)stbResourceManager.h">
      <Filter>Resource</Filter>
    </ClInclude>
    <ClInclude Include="$(MSBuildThisFileDirectory)stbObject.h">
      <Filter>Object</Filter>
    </ClInclude>
    <ClInclude Include="$(MSBuildThisFileDirectory)stbScript.h">
      <Filter>Component\Script</Filter>
    </ClInclude>
    <ClInclude Include="$(MSBuildThisFileDirectory)stbAnimator.h">
      <Filter>Component\Animation</Filter>
    </ClInclude>
    <ClInclude Include="$(MSBuildThisFileDirectory)stbTexture.h">
      <Filter>Resource</Filter>
    </ClInclude>
    <ClInclude Include="$(MSBuildThisFileDirectory)stbCamera.h">
      <Filter>Component\Camera</Filter>
    </ClInclude>
    <ClInclude Include="$(MSBuildThisFileDirectory)stbSpriteRenderer.h">
      <Filter>Component\SpriteRenderer</Filter>
    </ClInclude>
    <ClInclude Include="$(MSBuildThisFileDirectory)stbAnimation.h">
      <Filter>Component\Animation</Filter>
    </ClInclude>
    <ClInclude Include="$(MSBuildThisFileDirectory)stbRender.h">
      <Filter>Render</Filter>
    </ClInclude>
    <ClInclude Include="$(MSBuildThisFileDirectory)stbCollider.h">
      <Filter>Collider</Filter>
    </ClInclude>
    <ClInclude Include="$(MSBuildThisFileDirectory)stbCircleCollider2D.h">
      <Filter>Collider</Filter>
    </ClInclude>
    <ClInclude Include="$(MSBuildThisFileDirectory)BoxCollider2D.h">
      <Filter>Collider</Filter>
    </ClInclude>
    <ClInclude Include="$(MSBuildThisFileDirectory)stbCollisionManager.h">
      <Filter>Collider</Filter>
    </ClInclude>
    <ClInclude Include="$(MSBuildThisFileDirectory)stbDontDestroyOnLoad.h" />
    <ClInclude Include="$(MSBuildThisFileDirectory)Packet.h">
      <Filter>Packet</Filter>
    </ClInclude>
    <ClInclude Include="$(MSBuildThisFileDirectory)PacketParser.h">
      <Filter>Packet</Filter>
    </ClInclude>
    <ClInclude Include="$(MSBuildThisFileDirectory)MySocket.h" />
    <ClInclude Include="$(MSBuildThisFileDirectory)stbNetworkManager.h">
      <Filter>Networking</Filter>
    </ClInclude>
    <ClInclude Include="$(MSBuildThisFileDirectory)stbNetworkConfig.h">
      <Filter>Networking</Filter>
    </ClInclude>
    <ClInclude Include="$(MSBuildThisFileDirectory)stbNetworkDebug.h">
      <Filter>Networking</Filter>
    </ClInclude>
    <ClInclude Include="$(MSBuildThisFileDirectory)stbNetworkInit.h">
      <Filter>Networking</Filter>
    </ClInclude>
    <ClInclude Include="$(MSBuildThisFileDirectory)IPacketHandler.h">
      <Filter>Packet</Filter>
    </ClInclude>
    <ClInclude Include="$(MSBuildThisFileDirectory)PacketManager.h">
      <Filter>Packet</Filter>
    </ClInclude>
    <ClInclude Include="$(MSBuildThisFileDirectory)StringConvert.h" />
    <ClInclude Include="$(MSBuildThisFileDirectory)PacketData.h" />
    <ClInclude Include="$(MSBuildThisFileDirectory)MovePacketHandler.h">
      <Filter>PacketHandler\Player</Filter>
    </ClInclude>
    <ClInclude Include="$(MSBuildThisFileDirectory)PlayerDataPacketHandler.h">
      <Filter>PacketHandler\Player</Filter>
    </ClInclude>
    <ClInclude Include="$(MSBuildThisFileDirectory)InventoryPacketHandler.h">
      <Filter>PacketHandler\Inventory</Filter>
    </ClInclude>
    <ClInclude Include="$(MSBuildThisFileDirectory)ItemPacketHandler.h">
      <Filter>PacketHandler\Inventory</Filter>
    </ClInclude>
    <ClInclude Include="$(MSBuildThisFileDirectory)ChannelInitPacketHandler.h">
      <Filter>PacketHandler\Player</Filter>
    </ClInclude>
    <ClInclude Include="$(MSBuildThisFileDirectory)Inventory.h">
      <Filter>Game\Inventory</Filter>
    </ClInclude>
    <ClInclude Include="$(MSBuildThisFileDirectory)InventoryManager.h">
      <Filter>Game\Inventory</Filter>
    </ClInclude>
    <ClInclude Include="$(MSBuildThisFileDirectory)stbOtherPlayer.h">
      <Filter>Game\OtherPlayer</Filter>
    </ClInclude>
    <ClInclude Include="$(MSBuildThisFileDirectory)stbOtherPlayerManager.h">
      <Filter>Game\OtherPlayer</Filter>
    </ClInclude>
    <ClInclude Include="$(MSBuildThisFileDirectory)Stat.h">
      <Filter>Game\Player</Filter>
    </ClInclude>
    <ClInclude Include="$(MSBuildThisFileDirectory)playerInfo.h">
      <Filter>Game\Player</Filter>
    </ClInclude>
    <ClInclude Include="$(MSBuildThisFileDirectory)ItemDataManager.h">
      <Filter>Game\Inventory</Filter>
    </ClInclude>
    <ClInclude Include="$(MSBuildThisFileDirectory)ItemUseService.h">
      <Filter>Game\Inventory</Filter>
    </ClInclude>
    <ClInclude Include="$(MSBuildThisFileDirectory)PlayerManager.h">
      <Filter>Game\Player</Filter>
    </ClInclude>
    <ClInclude Include="$(MSBuildThisFileDirectory)UIManager.h">
      <Filter>Game\UI</Filter>
    </ClInclude>
    <ClInclude Include="$(MSBuildThisFileDirectory)stbD2DRenderer.h">
      <Filter>Render</Filter>
    </ClInclude>
    <ClInclude Include="$(MSBuildThisFileDirectory)UI.h">
      <Filter>Game\UI</Filter>
    </ClInclude>
    <ClInclude Include="$(MSBuildThisFileDirectory)CombatSystem.h">
      <Filter>Game\Combat</Filter>
    </ClInclude>
    <ClInclude Include="$(MSBuildThisFileDirectory)CombatPacketHandler.h">
      <Filter>PacketHandler\Combat</Filter>
    </ClInclude>
    <ClInclude Include="$(MSBuildThisFileDirectory)Skill.h">
      <Filter>Game\Skill</Filter>
    </ClInclude>
    <ClInclude Include="$(MSBuildThisFileDirectory)SkillDataManager.h">
      <Filter>Game\Skill</Filter>
    </ClInclude>
    <ClInclude Include="$(MSBuildThisFileDirectory)Skill_Info.h">
      <Filter>Game\Skill</Filter>
    </ClInclude>
    <ClInclude Include="$(MSBuildThisFileDirectory)QuickSlotPacketHandler.h">
      <Filter>PacketHandler\QuickSlot</Filter>
    </ClInclude>
    <ClInclude Include="$(MSBuildThisFileDirectory)UILayout.h">
      <Filter>Game\UI</Filter>
    </ClInclude>
    <ClInclude Include="$(MSBuildThisFileDirectory)QuickSlotUI.h">
      <Filter>Game\UI\QuickSlot</Filter>
    </ClInclude>
    <ClInclude Include="$(MSBuildThisFileDirectory)InventoryUI.h">
      <Filter>Game\UI\Inventory</Filter>
    </ClInclude>
    <ClInclude Include="$(MSBuildThisFileDirectory)InventoryUI_Info.h">
      <Filter>Game\UI\Inventory</Filter>
    </ClInclude>
    <ClInclude Include="$(MSBuildThisFileDirectory)QuickSlotManager.h">
      <Filter>Game\UI\QuickSlot</Filter>
    </ClInclude>
    <ClInclude Include="$(MSBuildThisFileDirectory)HealthBarUI.h">
      <Filter>Game\UI\HealthBar</Filter>
    </ClInclude>
    <ClInclude Include="$(MSBuildThisFileDirectory)MonsterPacketHandler.h">
      <Filter>PacketHandler\Monster</Filter>
    </ClInclude>
    <ClInclude Include="$(MSBuildThisFileDirectory)Monster.h">
      <Filter>Game\Monster</Filter>
    </ClInclude>
    <ClInclude Include="$(MSBuildThisFileDirectory)MonsterManager.h">
      <Filter>Game\Monster</Filter>
    </ClInclude>
    <ClInclude Include="$(MSBuildThisFileDirectory)MonsterInfo.h">
      <Filter>Game\Monster</Filter>
    </ClInclude>
    <ClInclude Include="$(MSBuildThisFileDirectory)MonsterScript.h">
      <Filter>Game\Monster</Filter>
    </ClInclude>
    <ClInclude Include="$(MSBuildThisFileDirectory)MonsterDataManager.h">
      <Filter>Game\Monster</Filter>
    </ClInclude>
    <ClInclude Include="$(MSBuildThisFileDirectory)AnimationInfo.h">
      <Filter>Component\Animation</Filter>
    </ClInclude>
    <ClInclude Include="$(MSBuildThisFileDirectory)Util.h">
      <Filter>Util</Filter>
    </ClInclude>
    <ClInclude Include="$(MSBuildThisFileDirectory)CombatSystem_Info.h" />
  </ItemGroup>
  <ItemGroup>
    <Filter Include="Component">
      <UniqueIdentifier>{7bc853d1-6f3a-4050-abca-96721d35617e}</UniqueIdentifier>
    </Filter>
    <Filter Include="Common">
      <UniqueIdentifier>{1bbf611b-ffe1-48e5-8205-02679d887aba}</UniqueIdentifier>
    </Filter>
    <Filter Include="GameObject">
      <UniqueIdentifier>{54b89410-0894-4533-90e7-4b040347ef2e}</UniqueIdentifier>
    </Filter>
    <Filter Include="Scene">
      <UniqueIdentifier>{98c370b2-c892-42ca-972a-51b39247ed4f}</UniqueIdentifier>
    </Filter>
    <Filter Include="Input">
      <UniqueIdentifier>{04824e62-0840-4165-a8e3-67f9b2d1aead}</UniqueIdentifier>
    </Filter>
    <Filter Include="Time">
      <UniqueIdentifier>{8fdcc750-0062-4cdb-8504-27932cb0170f}</UniqueIdentifier>
    </Filter>
    <Filter Include="Component\Transform">
      <UniqueIdentifier>{bd5b488f-117a-484c-b804-c1ded5fc8828}</UniqueIdentifier>
    </Filter>
    <Filter Include="Layer">
      <UniqueIdentifier>{8268f5e2-d5ba-4d8d-a4a1-87f78d0fb4a3}</UniqueIdentifier>
    </Filter>
    <Filter Include="Math">
      <UniqueIdentifier>{0fec1e75-1821-47d8-8bc9-c6167b8914c3}</UniqueIdentifier>
    </Filter>
    <Filter Include="Resource">
      <UniqueIdentifier>{2723f72d-4545-4fba-ba66-b78cfbf33347}</UniqueIdentifier>
    </Filter>
    <Filter Include="Object">
      <UniqueIdentifier>{667c3f3c-5787-4e0f-9f04-82f38bfaf909}</UniqueIdentifier>
    </Filter>
    <Filter Include="Component\Script">
      <UniqueIdentifier>{a7206179-ef44-4d72-80b7-043dfd52ad41}</UniqueIdentifier>
    </Filter>
    <Filter Include="Component\Animation">
      <UniqueIdentifier>{41b5e6da-5382-460d-bcd5-0f108d1cf68e}</UniqueIdentifier>
    </Filter>
    <Filter Include="Component\Camera">
      <UniqueIdentifier>{1c7508b5-0f93-47ee-bf8a-3a3edda86fd6}</UniqueIdentifier>
    </Filter>
    <Filter Include="Component\SpriteRenderer">
      <UniqueIdentifier>{f7d6a5b6-623f-43d6-90a3-2305e36d0c48}</UniqueIdentifier>
    </Filter>
    <Filter Include="Render">
      <UniqueIdentifier>{a8f6422e-954b-4cf1-ad32-491275f5b366}</UniqueIdentifier>
    </Filter>
    <Filter Include="Collider">
      <UniqueIdentifier>{e575a45a-feab-4e00-bfa7-cea4d1e93d6a}</UniqueIdentifier>
    </Filter>
    <Filter Include="Packet">
      <UniqueIdentifier>{7715672a-7327-4918-8f65-9c48c1a956a5}</UniqueIdentifier>
    </Filter>
    <Filter Include="Networking">
      <UniqueIdentifier>{1adb0a26-3a18-477e-a881-aa10d945648c}</UniqueIdentifier>
    </Filter>
    <Filter Include="PacketHandler">
      <UniqueIdentifier>{ed910821-24bc-475c-afbd-7cf44705b094}</UniqueIdentifier>
    </Filter>
    <Filter Include="PacketHandler\Player">
      <UniqueIdentifier>{0b701016-6fed-44e2-9303-351fe53b607b}</UniqueIdentifier>
    </Filter>
    <Filter Include="PacketHandler\Inventory">
      <UniqueIdentifier>{02daf034-c258-461b-846a-e5ad5bd943a7}</UniqueIdentifier>
    </Filter>
    <Filter Include="Game">
      <UniqueIdentifier>{69c55557-7a45-4f08-aec5-35a11a3b3135}</UniqueIdentifier>
    </Filter>
    <Filter Include="Game\Player">
      <UniqueIdentifier>{7cb8ff96-1a60-46f9-aa76-f34b1f5b6579}</UniqueIdentifier>
    </Filter>
    <Filter Include="Game\Inventory">
      <UniqueIdentifier>{8a2889c2-9a98-4914-831b-3cbbcb65675a}</UniqueIdentifier>
    </Filter>
    <Filter Include="Game\OtherPlayer">
      <UniqueIdentifier>{46e46f2d-f0db-42d2-9250-8a4f18524d6b}</UniqueIdentifier>
    </Filter>
    <Filter Include="Data">
      <UniqueIdentifier>{414a85f0-560e-498a-8d4e-26040d77a076}</UniqueIdentifier>
    </Filter>
    <Filter Include="Data\Items">
      <UniqueIdentifier>{6dd1b1f4-4fab-4f92-87c5-3709ec6add18}</UniqueIdentifier>
    </Filter>
    <Filter Include="Data\Items\Potions">
      <UniqueIdentifier>{ee5b8a63-6283-4aeb-83e7-c588f8c1d4ab}</UniqueIdentifier>
    </Filter>
    <Filter Include="Data\Maps">
      <UniqueIdentifier>{a4039ae0-f254-40e0-b361-874c5558270e}</UniqueIdentifier>
    </Filter>
    <Filter Include="Game\UI">
      <UniqueIdentifier>{8881fa85-db20-453d-8755-ed2b07aa7124}</UniqueIdentifier>
    </Filter>
    <Filter Include="Game\Combat">
      <UniqueIdentifier>{102913f8-c615-40c5-812b-1f53355c6376}</UniqueIdentifier>
    </Filter>
    <Filter Include="PacketHandler\Combat">
      <UniqueIdentifier>{cd5c69df-ba1a-4ef7-9479-f1549dc9d292}</UniqueIdentifier>
    </Filter>
    <Filter Include="Game\Skill">
      <UniqueIdentifier>{8ea868ce-c7e2-4ec7-857e-cc67a646205d}</UniqueIdentifier>
    </Filter>
    <Filter Include="Data\Skills">
      <UniqueIdentifier>{3196e70c-a8e2-4a74-a2bc-fa5308d6f6f9}</UniqueIdentifier>
    </Filter>
    <Filter Include="Data\Skills\Archer">
      <UniqueIdentifier>{ee0789f3-d254-4bf7-9726-2d270101d7d2}</UniqueIdentifier>
    </Filter>
    <Filter Include="Data\Skills\Knight">
      <UniqueIdentifier>{7f654c57-26cd-44ee-9ad8-599832ac5da0}</UniqueIdentifier>
    </Filter>
    <Filter Include="PacketHandler\QuickSlot">
      <UniqueIdentifier>{5e5b9ca9-abfb-42c5-b625-511a3ee3a48f}</UniqueIdentifier>
    </Filter>
    <Filter Include="Game\UI\QuickSlot">
      <UniqueIdentifier>{c9ac1339-377f-484e-bf6e-c13c16de2caa}</UniqueIdentifier>
    </Filter>
    <Filter Include="Game\UI\Inventory">
      <UniqueIdentifier>{6b8abb50-0b6f-491e-a3ad-a3d634a0d2f5}</UniqueIdentifier>
    </Filter>
    <Filter Include="Game\UI\HealthBar">
      <UniqueIdentifier>{92649307-e1d0-42a9-a1a2-c84d9da3cd2b}</UniqueIdentifier>
    </Filter>
    <Filter Include="PacketHandler\Monster">
      <UniqueIdentifier>{b9ba809f-d6fb-4310-9e54-d565d7376453}</UniqueIdentifier>
    </Filter>
    <Filter Include="Game\Monster">
      <UniqueIdentifier>{584f26f0-87b4-44d4-bec5-26595ceaa54e}</UniqueIdentifier>
    </Filter>
    <Filter Include="Util">
      <UniqueIdentifier>{dec7ebc8-619d-4c7d-808d-7998b4f436ee}</UniqueIdentifier>
    </Filter>
  </ItemGroup>
</Project>